
Microsoft Visual Studio Solution File, Format Version 12.00
# Visual Studio Version 16
VisualStudioVersion = 16.0.29306.81
MinimumVisualStudioVersion = 10.0.40219.1
Project("{D954291E-2A0B-460D-934E-DC6B0785DB48}") = "UnoBunch.Shared", "UnoBunch.Shared\UnoBunch.Shared.shproj", "{6279C845-92F8-4333-AB99-3D213163593C}"
EndProject
Project("{FAE04EC0-301F-11D3-BF4B-00C04F79EFBC}") = "UnoBunch.Droid", "UnoBunch.Droid\UnoBunch.Droid.csproj", "{650F0D30-1F1B-4CC4-8FF0-0906F997E89E}"
EndProject
Project("{FAE04EC0-301F-11D3-BF4B-00C04F79EFBC}") = "UnoBunch.iOS", "UnoBunch.iOS\UnoBunch.iOS.csproj", "{4996681E-A44D-48FF-88B6-DA51DA39F964}"
EndProject
Project("{FAE04EC0-301F-11D3-BF4B-00C04F79EFBC}") = "UnoBunch.UWP", "UnoBunch.UWP\UnoBunch.UWP.csproj", "{7A63B860-5BE5-4D8C-8491-709C1BB6A5E1}"
EndProject
Project("{9A19103F-16F7-4668-BE54-9A1E7A4F7556}") = "UnoBunch.Wasm", "UnoBunch.Wasm\UnoBunch.Wasm.csproj", "{4AD535C1-3816-41A7-A635-F6E72CEC97E8}"
EndProject
Global
	GlobalSection(SharedMSBuildProjectFiles) = preSolution
		UnoBunch.Shared\UnoBunch.Shared.projitems*{4996681e-a44d-48ff-88b6-da51da39f964}*SharedItemsImports = 4
		UnoBunch.Shared\UnoBunch.Shared.projitems*{6279c845-92f8-4333-ab99-3d213163593c}*SharedItemsImports = 13
		UnoBunch.Shared\UnoBunch.Shared.projitems*{650f0d30-1f1b-4cc4-8ff0-0906f997e89e}*SharedItemsImports = 4
		UnoBunch.Shared\UnoBunch.Shared.projitems*{7a63b860-5be5-4d8c-8491-709c1bb6a5e1}*SharedItemsImports = 4
	EndGlobalSection
	GlobalSection(SolutionConfigurationPlatforms) = preSolution
		Ad-Hoc|Any CPU = Ad-Hoc|Any CPU
		Ad-Hoc|ARM = Ad-Hoc|ARM
		Ad-Hoc|iPhone = Ad-Hoc|iPhone
		Ad-Hoc|iPhoneSimulator = Ad-Hoc|iPhoneSimulator
		Ad-Hoc|x64 = Ad-Hoc|x64
		Ad-Hoc|x86 = Ad-Hoc|x86
		AppStore|Any CPU = AppStore|Any CPU
		AppStore|ARM = AppStore|ARM
		AppStore|iPhone = AppStore|iPhone
		AppStore|iPhoneSimulator = AppStore|iPhoneSimulator
		AppStore|x64 = AppStore|x64
		AppStore|x86 = AppStore|x86
		Debug|Any CPU = Debug|Any CPU
		Debug|ARM = Debug|ARM
		Debug|iPhone = Debug|iPhone
		Debug|iPhoneSimulator = Debug|iPhoneSimulator
		Debug|x64 = Debug|x64
		Debug|x86 = Debug|x86
		Release|Any CPU = Release|Any CPU
		Release|ARM = Release|ARM
		Release|iPhone = Release|iPhone
		Release|iPhoneSimulator = Release|iPhoneSimulator
		Release|x64 = Release|x64
		Release|x86 = Release|x86
	EndGlobalSection
	GlobalSection(ProjectConfigurationPlatforms) = postSolution
		{650F0D30-1F1B-4CC4-8FF0-0906F997E89E}.Ad-Hoc|Any CPU.ActiveCfg = Release|Any CPU
		{650F0D30-1F1B-4CC4-8FF0-0906F997E89E}.Ad-Hoc|Any CPU.Build.0 = Release|Any CPU
		{650F0D30-1F1B-4CC4-8FF0-0906F997E89E}.Ad-Hoc|Any CPU.Deploy.0 = Release|Any CPU
		{650F0D30-1F1B-4CC4-8FF0-0906F997E89E}.Ad-Hoc|ARM.ActiveCfg = Release|Any CPU
		{650F0D30-1F1B-4CC4-8FF0-0906F997E89E}.Ad-Hoc|ARM.Build.0 = Release|Any CPU
		{650F0D30-1F1B-4CC4-8FF0-0906F997E89E}.Ad-Hoc|ARM.Deploy.0 = Release|Any CPU
		{650F0D30-1F1B-4CC4-8FF0-0906F997E89E}.Ad-Hoc|iPhone.ActiveCfg = Release|Any CPU
		{650F0D30-1F1B-4CC4-8FF0-0906F997E89E}.Ad-Hoc|iPhone.Build.0 = Release|Any CPU
		{650F0D30-1F1B-4CC4-8FF0-0906F997E89E}.Ad-Hoc|iPhone.Deploy.0 = Release|Any CPU
		{650F0D30-1F1B-4CC4-8FF0-0906F997E89E}.Ad-Hoc|iPhoneSimulator.ActiveCfg = Release|Any CPU
		{650F0D30-1F1B-4CC4-8FF0-0906F997E89E}.Ad-Hoc|iPhoneSimulator.Build.0 = Release|Any CPU
		{650F0D30-1F1B-4CC4-8FF0-0906F997E89E}.Ad-Hoc|iPhoneSimulator.Deploy.0 = Release|Any CPU
		{650F0D30-1F1B-4CC4-8FF0-0906F997E89E}.Ad-Hoc|x64.ActiveCfg = Release|Any CPU
		{650F0D30-1F1B-4CC4-8FF0-0906F997E89E}.Ad-Hoc|x64.Build.0 = Release|Any CPU
		{650F0D30-1F1B-4CC4-8FF0-0906F997E89E}.Ad-Hoc|x64.Deploy.0 = Release|Any CPU
		{650F0D30-1F1B-4CC4-8FF0-0906F997E89E}.Ad-Hoc|x86.ActiveCfg = Release|Any CPU
		{650F0D30-1F1B-4CC4-8FF0-0906F997E89E}.Ad-Hoc|x86.Build.0 = Release|Any CPU
		{650F0D30-1F1B-4CC4-8FF0-0906F997E89E}.Ad-Hoc|x86.Deploy.0 = Release|Any CPU
		{650F0D30-1F1B-4CC4-8FF0-0906F997E89E}.AppStore|Any CPU.ActiveCfg = Release|Any CPU
		{650F0D30-1F1B-4CC4-8FF0-0906F997E89E}.AppStore|Any CPU.Build.0 = Release|Any CPU
		{650F0D30-1F1B-4CC4-8FF0-0906F997E89E}.AppStore|Any CPU.Deploy.0 = Release|Any CPU
		{650F0D30-1F1B-4CC4-8FF0-0906F997E89E}.AppStore|ARM.ActiveCfg = Release|Any CPU
		{650F0D30-1F1B-4CC4-8FF0-0906F997E89E}.AppStore|ARM.Build.0 = Release|Any CPU
		{650F0D30-1F1B-4CC4-8FF0-0906F997E89E}.AppStore|ARM.Deploy.0 = Release|Any CPU
		{650F0D30-1F1B-4CC4-8FF0-0906F997E89E}.AppStore|iPhone.ActiveCfg = Release|Any CPU
		{650F0D30-1F1B-4CC4-8FF0-0906F997E89E}.AppStore|iPhone.Build.0 = Release|Any CPU
		{650F0D30-1F1B-4CC4-8FF0-0906F997E89E}.AppStore|iPhone.Deploy.0 = Release|Any CPU
		{650F0D30-1F1B-4CC4-8FF0-0906F997E89E}.AppStore|iPhoneSimulator.ActiveCfg = Release|Any CPU
		{650F0D30-1F1B-4CC4-8FF0-0906F997E89E}.AppStore|iPhoneSimulator.Build.0 = Release|Any CPU
		{650F0D30-1F1B-4CC4-8FF0-0906F997E89E}.AppStore|iPhoneSimulator.Deploy.0 = Release|Any CPU
		{650F0D30-1F1B-4CC4-8FF0-0906F997E89E}.AppStore|x64.ActiveCfg = Release|Any CPU
		{650F0D30-1F1B-4CC4-8FF0-0906F997E89E}.AppStore|x64.Build.0 = Release|Any CPU
		{650F0D30-1F1B-4CC4-8FF0-0906F997E89E}.AppStore|x64.Deploy.0 = Release|Any CPU
		{650F0D30-1F1B-4CC4-8FF0-0906F997E89E}.AppStore|x86.ActiveCfg = Release|Any CPU
		{650F0D30-1F1B-4CC4-8FF0-0906F997E89E}.AppStore|x86.Build.0 = Release|Any CPU
		{650F0D30-1F1B-4CC4-8FF0-0906F997E89E}.AppStore|x86.Deploy.0 = Release|Any CPU
		{650F0D30-1F1B-4CC4-8FF0-0906F997E89E}.Debug|Any CPU.ActiveCfg = Debug|Any CPU
		{650F0D30-1F1B-4CC4-8FF0-0906F997E89E}.Debug|Any CPU.Build.0 = Debug|Any CPU
		{650F0D30-1F1B-4CC4-8FF0-0906F997E89E}.Debug|Any CPU.Deploy.0 = Debug|Any CPU
		{650F0D30-1F1B-4CC4-8FF0-0906F997E89E}.Debug|ARM.ActiveCfg = Debug|Any CPU
		{650F0D30-1F1B-4CC4-8FF0-0906F997E89E}.Debug|ARM.Build.0 = Debug|Any CPU
		{650F0D30-1F1B-4CC4-8FF0-0906F997E89E}.Debug|ARM.Deploy.0 = Debug|Any CPU
		{650F0D30-1F1B-4CC4-8FF0-0906F997E89E}.Debug|iPhone.ActiveCfg = Debug|Any CPU
		{650F0D30-1F1B-4CC4-8FF0-0906F997E89E}.Debug|iPhone.Build.0 = Debug|Any CPU
		{650F0D30-1F1B-4CC4-8FF0-0906F997E89E}.Debug|iPhone.Deploy.0 = Debug|Any CPU
		{650F0D30-1F1B-4CC4-8FF0-0906F997E89E}.Debug|iPhoneSimulator.ActiveCfg = Debug|Any CPU
		{650F0D30-1F1B-4CC4-8FF0-0906F997E89E}.Debug|iPhoneSimulator.Build.0 = Debug|Any CPU
		{650F0D30-1F1B-4CC4-8FF0-0906F997E89E}.Debug|iPhoneSimulator.Deploy.0 = Debug|Any CPU
		{650F0D30-1F1B-4CC4-8FF0-0906F997E89E}.Debug|x64.ActiveCfg = Debug|Any CPU
		{650F0D30-1F1B-4CC4-8FF0-0906F997E89E}.Debug|x64.Build.0 = Debug|Any CPU
		{650F0D30-1F1B-4CC4-8FF0-0906F997E89E}.Debug|x64.Deploy.0 = Debug|Any CPU
		{650F0D30-1F1B-4CC4-8FF0-0906F997E89E}.Debug|x86.ActiveCfg = Debug|Any CPU
		{650F0D30-1F1B-4CC4-8FF0-0906F997E89E}.Debug|x86.Build.0 = Debug|Any CPU
		{650F0D30-1F1B-4CC4-8FF0-0906F997E89E}.Debug|x86.Deploy.0 = Debug|Any CPU
		{650F0D30-1F1B-4CC4-8FF0-0906F997E89E}.Release|Any CPU.ActiveCfg = Release|Any CPU
		{650F0D30-1F1B-4CC4-8FF0-0906F997E89E}.Release|Any CPU.Build.0 = Release|Any CPU
		{650F0D30-1F1B-4CC4-8FF0-0906F997E89E}.Release|Any CPU.Deploy.0 = Release|Any CPU
		{650F0D30-1F1B-4CC4-8FF0-0906F997E89E}.Release|ARM.ActiveCfg = Release|Any CPU
		{650F0D30-1F1B-4CC4-8FF0-0906F997E89E}.Release|ARM.Build.0 = Release|Any CPU
		{650F0D30-1F1B-4CC4-8FF0-0906F997E89E}.Release|ARM.Deploy.0 = Release|Any CPU
		{650F0D30-1F1B-4CC4-8FF0-0906F997E89E}.Release|iPhone.ActiveCfg = Release|Any CPU
		{650F0D30-1F1B-4CC4-8FF0-0906F997E89E}.Release|iPhone.Build.0 = Release|Any CPU
		{650F0D30-1F1B-4CC4-8FF0-0906F997E89E}.Release|iPhone.Deploy.0 = Release|Any CPU
		{650F0D30-1F1B-4CC4-8FF0-0906F997E89E}.Release|iPhoneSimulator.ActiveCfg = Release|Any CPU
		{650F0D30-1F1B-4CC4-8FF0-0906F997E89E}.Release|iPhoneSimulator.Build.0 = Release|Any CPU
		{650F0D30-1F1B-4CC4-8FF0-0906F997E89E}.Release|iPhoneSimulator.Deploy.0 = Release|Any CPU
		{650F0D30-1F1B-4CC4-8FF0-0906F997E89E}.Release|x64.ActiveCfg = Release|Any CPU
		{650F0D30-1F1B-4CC4-8FF0-0906F997E89E}.Release|x64.Build.0 = Release|Any CPU
		{650F0D30-1F1B-4CC4-8FF0-0906F997E89E}.Release|x64.Deploy.0 = Release|Any CPU
		{650F0D30-1F1B-4CC4-8FF0-0906F997E89E}.Release|x86.ActiveCfg = Release|Any CPU
		{650F0D30-1F1B-4CC4-8FF0-0906F997E89E}.Release|x86.Build.0 = Release|Any CPU
		{650F0D30-1F1B-4CC4-8FF0-0906F997E89E}.Release|x86.Deploy.0 = Release|Any CPU
		{4996681E-A44D-48FF-88B6-DA51DA39F964}.Ad-Hoc|Any CPU.ActiveCfg = Ad-Hoc|iPhone
		{4996681E-A44D-48FF-88B6-DA51DA39F964}.Ad-Hoc|ARM.ActiveCfg = Ad-Hoc|iPhone
		{4996681E-A44D-48FF-88B6-DA51DA39F964}.Ad-Hoc|iPhone.ActiveCfg = Ad-Hoc|iPhone
		{4996681E-A44D-48FF-88B6-DA51DA39F964}.Ad-Hoc|iPhone.Build.0 = Ad-Hoc|iPhone
		{4996681E-A44D-48FF-88B6-DA51DA39F964}.Ad-Hoc|iPhoneSimulator.ActiveCfg = Ad-Hoc|iPhoneSimulator
		{4996681E-A44D-48FF-88B6-DA51DA39F964}.Ad-Hoc|iPhoneSimulator.Build.0 = Ad-Hoc|iPhoneSimulator
		{4996681E-A44D-48FF-88B6-DA51DA39F964}.Ad-Hoc|x64.ActiveCfg = Ad-Hoc|iPhone
		{4996681E-A44D-48FF-88B6-DA51DA39F964}.Ad-Hoc|x86.ActiveCfg = Ad-Hoc|iPhone
		{4996681E-A44D-48FF-88B6-DA51DA39F964}.AppStore|Any CPU.ActiveCfg = AppStore|iPhone
		{4996681E-A44D-48FF-88B6-DA51DA39F964}.AppStore|ARM.ActiveCfg = AppStore|iPhone
		{4996681E-A44D-48FF-88B6-DA51DA39F964}.AppStore|iPhone.ActiveCfg = AppStore|iPhone
		{4996681E-A44D-48FF-88B6-DA51DA39F964}.AppStore|iPhone.Build.0 = AppStore|iPhone
		{4996681E-A44D-48FF-88B6-DA51DA39F964}.AppStore|iPhoneSimulator.ActiveCfg = AppStore|iPhoneSimulator
		{4996681E-A44D-48FF-88B6-DA51DA39F964}.AppStore|iPhoneSimulator.Build.0 = AppStore|iPhoneSimulator
		{4996681E-A44D-48FF-88B6-DA51DA39F964}.AppStore|x64.ActiveCfg = AppStore|iPhone
		{4996681E-A44D-48FF-88B6-DA51DA39F964}.AppStore|x86.ActiveCfg = AppStore|iPhone
		{4996681E-A44D-48FF-88B6-DA51DA39F964}.Debug|Any CPU.ActiveCfg = Debug|iPhone
		{4996681E-A44D-48FF-88B6-DA51DA39F964}.Debug|ARM.ActiveCfg = Debug|iPhone
		{4996681E-A44D-48FF-88B6-DA51DA39F964}.Debug|iPhone.ActiveCfg = Debug|iPhone
		{4996681E-A44D-48FF-88B6-DA51DA39F964}.Debug|iPhone.Build.0 = Debug|iPhone
		{4996681E-A44D-48FF-88B6-DA51DA39F964}.Debug|iPhoneSimulator.ActiveCfg = Debug|iPhoneSimulator
		{4996681E-A44D-48FF-88B6-DA51DA39F964}.Debug|iPhoneSimulator.Build.0 = Debug|iPhoneSimulator
		{4996681E-A44D-48FF-88B6-DA51DA39F964}.Debug|x64.ActiveCfg = Debug|iPhone
		{4996681E-A44D-48FF-88B6-DA51DA39F964}.Debug|x86.ActiveCfg = Debug|iPhone
		{4996681E-A44D-48FF-88B6-DA51DA39F964}.Release|Any CPU.ActiveCfg = Release|iPhone
		{4996681E-A44D-48FF-88B6-DA51DA39F964}.Release|ARM.ActiveCfg = Release|iPhone
		{4996681E-A44D-48FF-88B6-DA51DA39F964}.Release|iPhone.ActiveCfg = Release|iPhone
		{4996681E-A44D-48FF-88B6-DA51DA39F964}.Release|iPhone.Build.0 = Release|iPhone
		{4996681E-A44D-48FF-88B6-DA51DA39F964}.Release|iPhoneSimulator.ActiveCfg = Release|iPhoneSimulator
		{4996681E-A44D-48FF-88B6-DA51DA39F964}.Release|iPhoneSimulator.Build.0 = Release|iPhoneSimulator
		{4996681E-A44D-48FF-88B6-DA51DA39F964}.Release|x64.ActiveCfg = Release|iPhone
		{4996681E-A44D-48FF-88B6-DA51DA39F964}.Release|x86.ActiveCfg = Release|iPhone
		{7A63B860-5BE5-4D8C-8491-709C1BB6A5E1}.Ad-Hoc|Any CPU.ActiveCfg = Release|x64
		{7A63B860-5BE5-4D8C-8491-709C1BB6A5E1}.Ad-Hoc|Any CPU.Build.0 = Release|x64
		{7A63B860-5BE5-4D8C-8491-709C1BB6A5E1}.Ad-Hoc|Any CPU.Deploy.0 = Release|x64
		{7A63B860-5BE5-4D8C-8491-709C1BB6A5E1}.Ad-Hoc|ARM.ActiveCfg = Release|ARM
		{7A63B860-5BE5-4D8C-8491-709C1BB6A5E1}.Ad-Hoc|ARM.Build.0 = Release|ARM
		{7A63B860-5BE5-4D8C-8491-709C1BB6A5E1}.Ad-Hoc|ARM.Deploy.0 = Release|ARM
		{7A63B860-5BE5-4D8C-8491-709C1BB6A5E1}.Ad-Hoc|iPhone.ActiveCfg = Release|x64
		{7A63B860-5BE5-4D8C-8491-709C1BB6A5E1}.Ad-Hoc|iPhone.Build.0 = Release|x64
		{7A63B860-5BE5-4D8C-8491-709C1BB6A5E1}.Ad-Hoc|iPhone.Deploy.0 = Release|x64
		{7A63B860-5BE5-4D8C-8491-709C1BB6A5E1}.Ad-Hoc|iPhoneSimulator.ActiveCfg = Release|x64
		{7A63B860-5BE5-4D8C-8491-709C1BB6A5E1}.Ad-Hoc|iPhoneSimulator.Build.0 = Release|x64
		{7A63B860-5BE5-4D8C-8491-709C1BB6A5E1}.Ad-Hoc|iPhoneSimulator.Deploy.0 = Release|x64
		{7A63B860-5BE5-4D8C-8491-709C1BB6A5E1}.Ad-Hoc|x64.ActiveCfg = Release|x64
		{7A63B860-5BE5-4D8C-8491-709C1BB6A5E1}.Ad-Hoc|x64.Build.0 = Release|x64
		{7A63B860-5BE5-4D8C-8491-709C1BB6A5E1}.Ad-Hoc|x64.Deploy.0 = Release|x64
		{7A63B860-5BE5-4D8C-8491-709C1BB6A5E1}.Ad-Hoc|x86.ActiveCfg = Release|x86
		{7A63B860-5BE5-4D8C-8491-709C1BB6A5E1}.Ad-Hoc|x86.Build.0 = Release|x86
		{7A63B860-5BE5-4D8C-8491-709C1BB6A5E1}.Ad-Hoc|x86.Deploy.0 = Release|x86
		{7A63B860-5BE5-4D8C-8491-709C1BB6A5E1}.AppStore|Any CPU.ActiveCfg = Release|x64
		{7A63B860-5BE5-4D8C-8491-709C1BB6A5E1}.AppStore|Any CPU.Build.0 = Release|x64
		{7A63B860-5BE5-4D8C-8491-709C1BB6A5E1}.AppStore|Any CPU.Deploy.0 = Release|x64
		{7A63B860-5BE5-4D8C-8491-709C1BB6A5E1}.AppStore|ARM.ActiveCfg = Release|ARM
		{7A63B860-5BE5-4D8C-8491-709C1BB6A5E1}.AppStore|ARM.Build.0 = Release|ARM
		{7A63B860-5BE5-4D8C-8491-709C1BB6A5E1}.AppStore|ARM.Deploy.0 = Release|ARM
		{7A63B860-5BE5-4D8C-8491-709C1BB6A5E1}.AppStore|iPhone.ActiveCfg = Release|x64
		{7A63B860-5BE5-4D8C-8491-709C1BB6A5E1}.AppStore|iPhone.Build.0 = Release|x64
		{7A63B860-5BE5-4D8C-8491-709C1BB6A5E1}.AppStore|iPhone.Deploy.0 = Release|x64
		{7A63B860-5BE5-4D8C-8491-709C1BB6A5E1}.AppStore|iPhoneSimulator.ActiveCfg = Release|x64
		{7A63B860-5BE5-4D8C-8491-709C1BB6A5E1}.AppStore|iPhoneSimulator.Build.0 = Release|x64
		{7A63B860-5BE5-4D8C-8491-709C1BB6A5E1}.AppStore|iPhoneSimulator.Deploy.0 = Release|x64
		{7A63B860-5BE5-4D8C-8491-709C1BB6A5E1}.AppStore|x64.ActiveCfg = Release|x64
		{7A63B860-5BE5-4D8C-8491-709C1BB6A5E1}.AppStore|x64.Build.0 = Release|x64
		{7A63B860-5BE5-4D8C-8491-709C1BB6A5E1}.AppStore|x64.Deploy.0 = Release|x64
		{7A63B860-5BE5-4D8C-8491-709C1BB6A5E1}.AppStore|x86.ActiveCfg = Release|x86
		{7A63B860-5BE5-4D8C-8491-709C1BB6A5E1}.AppStore|x86.Build.0 = Release|x86
		{7A63B860-5BE5-4D8C-8491-709C1BB6A5E1}.AppStore|x86.Deploy.0 = Release|x86
		{7A63B860-5BE5-4D8C-8491-709C1BB6A5E1}.Debug|Any CPU.ActiveCfg = Debug|x86
		{7A63B860-5BE5-4D8C-8491-709C1BB6A5E1}.Debug|ARM.ActiveCfg = Debug|ARM
		{7A63B860-5BE5-4D8C-8491-709C1BB6A5E1}.Debug|ARM.Build.0 = Debug|ARM
		{7A63B860-5BE5-4D8C-8491-709C1BB6A5E1}.Debug|ARM.Deploy.0 = Debug|ARM
		{7A63B860-5BE5-4D8C-8491-709C1BB6A5E1}.Debug|iPhone.ActiveCfg = Debug|x86
		{7A63B860-5BE5-4D8C-8491-709C1BB6A5E1}.Debug|iPhoneSimulator.ActiveCfg = Debug|x86
		{7A63B860-5BE5-4D8C-8491-709C1BB6A5E1}.Debug|x64.ActiveCfg = Debug|x64
		{7A63B860-5BE5-4D8C-8491-709C1BB6A5E1}.Debug|x64.Build.0 = Debug|x64
		{7A63B860-5BE5-4D8C-8491-709C1BB6A5E1}.Debug|x64.Deploy.0 = Debug|x64
		{7A63B860-5BE5-4D8C-8491-709C1BB6A5E1}.Debug|x86.ActiveCfg = Debug|x86
		{7A63B860-5BE5-4D8C-8491-709C1BB6A5E1}.Debug|x86.Build.0 = Debug|x86
		{7A63B860-5BE5-4D8C-8491-709C1BB6A5E1}.Debug|x86.Deploy.0 = Debug|x86
		{7A63B860-5BE5-4D8C-8491-709C1BB6A5E1}.Release|Any CPU.ActiveCfg = Release|x86
		{7A63B860-5BE5-4D8C-8491-709C1BB6A5E1}.Release|ARM.ActiveCfg = Release|ARM
		{7A63B860-5BE5-4D8C-8491-709C1BB6A5E1}.Release|ARM.Build.0 = Release|ARM
		{7A63B860-5BE5-4D8C-8491-709C1BB6A5E1}.Release|ARM.Deploy.0 = Release|ARM
		{7A63B860-5BE5-4D8C-8491-709C1BB6A5E1}.Release|iPhone.ActiveCfg = Release|x86
		{7A63B860-5BE5-4D8C-8491-709C1BB6A5E1}.Release|iPhoneSimulator.ActiveCfg = Release|x86
		{7A63B860-5BE5-4D8C-8491-709C1BB6A5E1}.Release|x64.ActiveCfg = Release|x64
		{7A63B860-5BE5-4D8C-8491-709C1BB6A5E1}.Release|x64.Build.0 = Release|x64
		{7A63B860-5BE5-4D8C-8491-709C1BB6A5E1}.Release|x64.Deploy.0 = Release|x64
		{7A63B860-5BE5-4D8C-8491-709C1BB6A5E1}.Release|x86.ActiveCfg = Release|x86
		{7A63B860-5BE5-4D8C-8491-709C1BB6A5E1}.Release|x86.Build.0 = Release|x86
		{7A63B860-5BE5-4D8C-8491-709C1BB6A5E1}.Release|x86.Deploy.0 = Release|x86
		{4AD535C1-3816-41A7-A635-F6E72CEC97E8}.Ad-Hoc|Any CPU.ActiveCfg = Debug|Any CPU
		{4AD535C1-3816-41A7-A635-F6E72CEC97E8}.Ad-Hoc|Any CPU.Build.0 = Debug|Any CPU
		{4AD535C1-3816-41A7-A635-F6E72CEC97E8}.Ad-Hoc|ARM.ActiveCfg = Debug|Any CPU
		{4AD535C1-3816-41A7-A635-F6E72CEC97E8}.Ad-Hoc|ARM.Build.0 = Debug|Any CPU
		{4AD535C1-3816-41A7-A635-F6E72CEC97E8}.Ad-Hoc|iPhone.ActiveCfg = Debug|Any CPU
		{4AD535C1-3816-41A7-A635-F6E72CEC97E8}.Ad-Hoc|iPhone.Build.0 = Debug|Any CPU
		{4AD535C1-3816-41A7-A635-F6E72CEC97E8}.Ad-Hoc|iPhoneSimulator.ActiveCfg = Debug|Any CPU
		{4AD535C1-3816-41A7-A635-F6E72CEC97E8}.Ad-Hoc|iPhoneSimulator.Build.0 = Debug|Any CPU
		{4AD535C1-3816-41A7-A635-F6E72CEC97E8}.Ad-Hoc|x64.ActiveCfg = Debug|Any CPU
		{4AD535C1-3816-41A7-A635-F6E72CEC97E8}.Ad-Hoc|x64.Build.0 = Debug|Any CPU
		{4AD535C1-3816-41A7-A635-F6E72CEC97E8}.Ad-Hoc|x86.ActiveCfg = Debug|Any CPU
		{4AD535C1-3816-41A7-A635-F6E72CEC97E8}.Ad-Hoc|x86.Build.0 = Debug|Any CPU
		{4AD535C1-3816-41A7-A635-F6E72CEC97E8}.AppStore|Any CPU.ActiveCfg = Debug|Any CPU
		{4AD535C1-3816-41A7-A635-F6E72CEC97E8}.AppStore|Any CPU.Build.0 = Debug|Any CPU
		{4AD535C1-3816-41A7-A635-F6E72CEC97E8}.AppStore|ARM.ActiveCfg = Debug|Any CPU
		{4AD535C1-3816-41A7-A635-F6E72CEC97E8}.AppStore|ARM.Build.0 = Debug|Any CPU
		{4AD535C1-3816-41A7-A635-F6E72CEC97E8}.AppStore|iPhone.ActiveCfg = Debug|Any CPU
		{4AD535C1-3816-41A7-A635-F6E72CEC97E8}.AppStore|iPhone.Build.0 = Debug|Any CPU
		{4AD535C1-3816-41A7-A635-F6E72CEC97E8}.AppStore|iPhoneSimulator.ActiveCfg = Debug|Any CPU
		{4AD535C1-3816-41A7-A635-F6E72CEC97E8}.AppStore|iPhoneSimulator.Build.0 = Debug|Any CPU
		{4AD535C1-3816-41A7-A635-F6E72CEC97E8}.AppStore|x64.ActiveCfg = Debug|Any CPU
		{4AD535C1-3816-41A7-A635-F6E72CEC97E8}.AppStore|x64.Build.0 = Debug|Any CPU
		{4AD535C1-3816-41A7-A635-F6E72CEC97E8}.AppStore|x86.ActiveCfg = Debug|Any CPU
		{4AD535C1-3816-41A7-A635-F6E72CEC97E8}.AppStore|x86.Build.0 = Debug|Any CPU
		{4AD535C1-3816-41A7-A635-F6E72CEC97E8}.Debug|Any CPU.ActiveCfg = Debug|Any CPU
		{4AD535C1-3816-41A7-A635-F6E72CEC97E8}.Debug|Any CPU.Build.0 = Debug|Any CPU
		{4AD535C1-3816-41A7-A635-F6E72CEC97E8}.Debug|ARM.ActiveCfg = Debug|Any CPU
		{4AD535C1-3816-41A7-A635-F6E72CEC97E8}.Debug|ARM.Build.0 = Debug|Any CPU
		{4AD535C1-3816-41A7-A635-F6E72CEC97E8}.Debug|iPhone.ActiveCfg = Debug|Any CPU
		{4AD535C1-3816-41A7-A635-F6E72CEC97E8}.Debug|iPhone.Build.0 = Debug|Any CPU
		{4AD535C1-3816-41A7-A635-F6E72CEC97E8}.Debug|iPhoneSimulator.ActiveCfg = Debug|Any CPU
		{4AD535C1-3816-41A7-A635-F6E72CEC97E8}.Debug|iPhoneSimulator.Build.0 = Debug|Any CPU
		{4AD535C1-3816-41A7-A635-F6E72CEC97E8}.Debug|x64.ActiveCfg = Debug|Any CPU
		{4AD535C1-3816-41A7-A635-F6E72CEC97E8}.Debug|x64.Build.0 = Debug|Any CPU
		{4AD535C1-3816-41A7-A635-F6E72CEC97E8}.Debug|x86.ActiveCfg = Debug|Any CPU
		{4AD535C1-3816-41A7-A635-F6E72CEC97E8}.Debug|x86.Build.0 = Debug|Any CPU
		{4AD535C1-3816-41A7-A635-F6E72CEC97E8}.Release|Any CPU.ActiveCfg = Release|Any CPU
		{4AD535C1-3816-41A7-A635-F6E72CEC97E8}.Release|Any CPU.Build.0 = Release|Any CPU
		{4AD535C1-3816-41A7-A635-F6E72CEC97E8}.Release|ARM.ActiveCfg = Release|Any CPU
		{4AD535C1-3816-41A7-A635-F6E72CEC97E8}.Release|ARM.Build.0 = Release|Any CPU
		{4AD535C1-3816-41A7-A635-F6E72CEC97E8}.Release|iPhone.ActiveCfg = Release|Any CPU
		{4AD535C1-3816-41A7-A635-F6E72CEC97E8}.Release|iPhone.Build.0 = Release|Any CPU
		{4AD535C1-3816-41A7-A635-F6E72CEC97E8}.Release|iPhoneSimulator.ActiveCfg = Release|Any CPU
		{4AD535C1-3816-41A7-A635-F6E72CEC97E8}.Release|iPhoneSimulator.Build.0 = Release|Any CPU
		{4AD535C1-3816-41A7-A635-F6E72CEC97E8}.Release|x64.ActiveCfg = Release|Any CPU
		{4AD535C1-3816-41A7-A635-F6E72CEC97E8}.Release|x64.Build.0 = Release|Any CPU
		{4AD535C1-3816-41A7-A635-F6E72CEC97E8}.Release|x86.ActiveCfg = Release|Any CPU
		{4AD535C1-3816-41A7-A635-F6E72CEC97E8}.Release|x86.Build.0 = Release|Any CPU
	EndGlobalSection
	GlobalSection(SolutionProperties) = preSolution
		HideSolutionNode = FALSE
	EndGlobalSection
	GlobalSection(ExtensibilityGlobals) = postSolution
		SolutionGuid = {98741823-00E6-4B22-8C02-51B09335E98F}
	EndGlobalSection
EndGlobal
